// !$*UTF8*$!
{
	archiveVersion = 1;
	classes = {
	};
	objectVersion = 50;
	objects = {

/* Begin PBXBuildFile section */
		CFC0E2C722EB49380027386E /* AppDelegate.swift in Sources */ = {isa = PBXBuildFile; fileRef = CFC0E2C622EB49380027386E /* AppDelegate.swift */; };
		CFC0E2C922EB49380027386E /* ViewController.swift in Sources */ = {isa = PBXBuildFile; fileRef = CFC0E2C822EB49380027386E /* ViewController.swift */; };
		CFC0E2CC22EB49380027386E /* Main.storyboard in Resources */ = {isa = PBXBuildFile; fileRef = CFC0E2CA22EB49380027386E /* Main.storyboard */; };
		CFC0E2CE22EB493A0027386E /* Assets.xcassets in Resources */ = {isa = PBXBuildFile; fileRef = CFC0E2CD22EB493A0027386E /* Assets.xcassets */; };
		CFC0E2D122EB493A0027386E /* LaunchScreen.storyboard in Resources */ = {isa = PBXBuildFile; fileRef = CFC0E2CF22EB493A0027386E /* LaunchScreen.storyboard */; };
		CFC0E2DB22EBF9ED0027386E /* BeforeViewController.swift in Sources */ = {isa = PBXBuildFile; fileRef = CFC0E2DA22EBF9ED0027386E /* BeforeViewController.swift */; };
/* End PBXBuildFile section */

/* Begin PBXFileReference section */
		CFC0E2C322EB49380027386E /* start.E.app */ = {isa = PBXFileReference; explicitFileType = wrapper.application; includeInIndex = 0; path = start.E.app; sourceTree = BUILT_PRODUCTS_DIR; };
		CFC0E2C622EB49380027386E /* AppDelegate.swift */ = {isa = PBXFileReference; lastKnownFileType = sourcecode.swift; path = AppDelegate.swift; sourceTree = "<group>"; };
		CFC0E2C822EB49380027386E /* ViewController.swift */ = {isa = PBXFileReference; lastKnownFileType = sourcecode.swift; path = ViewController.swift; sourceTree = "<group>"; };
		CFC0E2CB22EB49380027386E /* Base */ = {isa = PBXFileReference; lastKnownFileType = file.storyboard; name = Base; path = Base.lproj/Main.storyboard; sourceTree = "<group>"; };
		CFC0E2CD22EB493A0027386E /* Assets.xcassets */ = {isa = PBXFileReference; lastKnownFileType = folder.assetcatalog; path = Assets.xcassets; sourceTree = "<group>"; };
		CFC0E2D022EB493A0027386E /* Base */ = {isa = PBXFileReference; lastKnownFileType = file.storyboard; name = Base; path = Base.lproj/LaunchScreen.storyboard; sourceTree = "<group>"; };
		CFC0E2D222EB493A0027386E /* Info.plist */ = {isa = PBXFileReference; lastKnownFileType = text.plist.xml; path = Info.plist; sourceTree = "<group>"; };
		CFC0E2DA22EBF9ED0027386E /* BeforeViewController.swift */ = {isa = PBXFileReference; lastKnownFileType = sourcecode.swift; path = BeforeViewController.swift; sourceTree = "<group>"; };
/* End PBXFileReference section */

/* Begin PBXFrameworksBuildPhase section */
		CFC0E2C022EB49380027386E /* Frameworks */ = {
			isa = PBXFrameworksBuildPhase;
			buildActionMask = 2147483647;
			files = (
			);
			runOnlyForDeploymentPostprocessing = 0;
		};
/* End PBXFrameworksBuildPhase section */

/* Begin PBXGroup section */
		CFC0E2BA22EB49380027386E = {
			isa = PBXGroup;
			children = (
				CFC0E2C522EB49380027386E /* start.E */,
				CFC0E2C422EB49380027386E /* Products */,
			);
			sourceTree = "<group>";
		};
		CFC0E2C422EB49380027386E /* Products */ = {
			isa = PBXGroup;
			children = (
				CFC0E2C322EB49380027386E /* start.E.app */,
			);
			name = Products;
			sourceTree = "<group>";
		};
		CFC0E2C522EB49380027386E /* start.E */ = {
			isa = PBXGroup;
			children = (
				CFC0E2C622EB49380027386E /* AppDelegate.swift */,
				CFC0E2C822EB49380027386E /* ViewController.swift */,
				CFC0E2CA22EB49380027386E /* Main.storyboard */,
				CFC0E2CD22EB493A0027386E /* Assets.xcassets */,
				CFC0E2CF22EB493A0027386E /* LaunchScreen.storyboard */,
				CFC0E2D222EB493A0027386E /* Info.plist */,
				CFC0E2DA22EBF9ED0027386E /* BeforeViewController.swift */,
			);
			path = start.E;
			sourceTree = "<group>";
		};
/* End PBXGroup section */

/* Begin PBXNativeTarget section */
		CFC0E2C222EB49380027386E /* start.E */ = {
			isa = PBXNativeTarget;
			buildConfigurationList = CFC0E2D522EB493A0027386E /* Build configuration list for PBXNativeTarget "start.E" */;
			buildPhases = (
				CFC0E2BF22EB49380027386E /* Sources */,
				CFC0E2C022EB49380027386E /* Frameworks */,
				CFC0E2C122EB49380027386E /* Resources */,
			);
			buildRules = (
			);
			dependencies = (
			);
			name = start.E;
			productName = start.E;
			productReference = CFC0E2C322EB49380027386E /* start.E.app */;
			productType = "com.apple.product-type.application";
		};
/* End PBXNativeTarget section */

/* Begin PBXProject section */
		CFC0E2BB22EB49380027386E /* Project object */ = {
			isa = PBXProject;
			attributes = {
				LastSwiftUpdateCheck = 1030;
				LastUpgradeCheck = 1030;
				ORGANIZATIONNAME = "星みちる";
				TargetAttributes = {
					CFC0E2C222EB49380027386E = {
						CreatedOnToolsVersion = 10.3;
					};
				};
			};
			buildConfigurationList = CFC0E2BE22EB49380027386E /* Build configuration list for PBXProject "start.E" */;
			compatibilityVersion = "Xcode 9.3";
			developmentRegion = en;
			hasScannedForEncodings = 0;
			knownRegions = (
				en,
				Base,
			);
			mainGroup = CFC0E2BA22EB49380027386E;
			productRefGroup = CFC0E2C422EB49380027386E /* Products */;
			projectDirPath = "";
			projectRoot = "";
			targets = (
				CFC0E2C222EB49380027386E /* start.E */,
			);
		};
/* End PBXProject section */

/* Begin PBXResourcesBuildPhase section */
		CFC0E2C122EB49380027386E /* Resources */ = {
			isa = PBXResourcesBuildPhase;
			buildActionMask = 2147483647;
			files = (
				CFC0E2D122EB493A0027386E /* LaunchScreen.storyboard in Resources */,
				CFC0E2CE22EB493A0027386E /* Assets.xcassets in Resources */,
				CFC0E2CC22EB49380027386E /* Main.storyboard in Resources */,
			);
			runOnlyForDeploymentPostprocessing = 0;
		};
/* End PBXResourcesBuildPhase section */

/* Begin PBXSourcesBuildPhase section */
		CFC0E2BF22EB49380027386E /* Sources */ = {
			isa = PBXSourcesBuildPhase;
			buildActionMask = 2147483647;
			files = (
				CFC0E2DB22EBF9ED0027386E /* BeforeViewController.swift in Sources */,
				CFC0E2C922EB49380027386E /* ViewController.swift in Sources */,
				CFC0E2C722EB49380027386E /* AppDelegate.swift in Sources */,
			);
			runOnlyForDeploymentPostprocessing = 0;
		};
/* End PBXSourcesBuildPhase section */

/* Begin PBXVariantGroup section */
		CFC0E2CA22EB49380027386E /* Main.storyboard */ = {
			isa = PBXVariantGroup;
			children = (
				CFC0E2CB22EB49380027386E /* Base */,
			);
			name = Main.storyboard;
			sourceTree = "<group>";
		};
		CFC0E2CF22EB493A0027386E /* LaunchScreen.storyboard */ = {
			isa = PBXVariantGroup;
			children = (
				CFC0E2D022EB493A0027386E /* Base */,
			);
			name = LaunchScreen.storyboard;
			sourceTree = "<group>";
		};
/* End PBXVariantGroup section */

/* Begin XCBuildConfiguration section */
		CFC0E2D322EB493A0027386E /* Debug */ = {
			isa = XCBuildConfiguration;
			buildSettings = {
				ALWAYS_SEARCH_USER_PATHS = NO;
				CLANG_ANALYZER_NONNULL = YES;
				CLANG_ANALYZER_NUMBER_OBJECT_CONVERSION = YES_AGGRESSIVE;
				CLANG_CXX_LANGUAGE_STANDARD = "gnu++14";
				CLANG_CXX_LIBRARY = "libc++";
				CLANG_ENABLE_MODULES = YES;
				CLANG_ENABLE_OBJC_ARC = YES;
				CLANG_ENABLE_OBJC_WEAK = YES;
				CLANG_WARN_BLOCK_CAPTURE_AUTORELEASING = YES;
				CLANG_WARN_BOOL_CONVERSION = YES;
				CLANG_WARN_COMMA = YES;
				CLANG_WARN_CONSTANT_CONVERSION = YES;
				CLANG_WARN_DEPRECATED_OBJC_IMPLEMENTATIONS = YES;
				CLANG_WARN_DIRECT_OBJC_ISA_USAGE = YES_ERROR;
				CLANG_WARN_DOCUMENTATION_COMMENTS = YES;
				CLANG_WARN_EMPTY_BODY = YES;
				CLANG_WARN_ENUM_CONVERSION = YES;
				CLANG_WARN_INFINITE_RECURSION = YES;
				CLANG_WARN_INT_CONVERSION = YES;
				CLANG_WARN_NON_LITERAL_NULL_CONVERSION = YES;
				CLANG_WARN_OBJC_IMPLICIT_RETAIN_SELF = YES;
				CLANG_WARN_OBJC_LITERAL_CONVERSION = YES;
				CLANG_WARN_OBJC_ROOT_CLASS = YES_ERROR;
				CLANG_WARN_RANGE_LOOP_ANALYSIS = YES;
				CLANG_WARN_STRICT_PROTOTYPES = YES;
				CLANG_WARN_SUSPICIOUS_MOVE = YES;
				CLANG_WARN_UNGUARDED_AVAILABILITY = YES_AGGRESSIVE;
				CLANG_WARN_UNREACHABLE_CODE = YES;
				CLANG_WARN__DUPLICATE_METHOD_MATCH = YES;
				CODE_SIGN_IDENTITY = "iPhone Developer";
				COPY_PHASE_STRIP = NO;
				DEBUG_INFORMATION_FORMAT = dwarf;
				ENABLE_STRICT_OBJC_MSGSEND = YES;
				ENABLE_TESTABILITY = YES;
				GCC_C_LANGUAGE_STANDARD = gnu11;
				GCC_DYNAMIC_NO_PIC = NO;
				GCC_NO_COMMON_BLOCKS = YES;
				GCC_OPTIMIZATION_LEVEL = 0;
				GCC_PREPROCESSOR_DEFINITIONS = (
					"DEBUG=1",
					"$(inherited)",
				);
				GCC_WARN_64_TO_32_BIT_CONVERSION = YES;
				GCC_WARN_ABOUT_RETURN_TYPE = YES_ERROR;
				GCC_WARN_UNDECLARED_SELECTOR = YES;
				GCC_WARN_UNINITIALIZED_AUTOS = YES_AGGRESSIVE;
				GCC_WARN_UNUSED_FUNCTION = YES;
				GCC_WARN_UNUSED_VARIABLE = YES;
				IPHONEOS_DEPLOYMENT_TARGET = 12.4;
				MTL_ENABLE_DEBUG_INFO = INCLUDE_SOURCE;
				MTL_FAST_MATH = YES;
				ONLY_ACTIVE_ARCH = YES;
				SDKROOT = iphoneos;
				SWIFT_ACTIVE_COMPILATION_CONDITIONS = DEBUG;
				SWIFT_OPTIMIZATION_LEVEL = "-Onone";
			};
			name = Debug;
		};
		CFC0E2D422EB493A0027386E /* Release */ = {
			isa = XCBuildConfiguration;
			buildSettings = {
				ALWAYS_SEARCH_USER_PATHS = NO;
				CLANG_ANALYZER_NONNULL = YES;
				CLANG_ANALYZER_NUMBER_OBJECT_CONVERSION = YES_AGGRESSIVE;
				CLANG_CXX_LANGUAGE_STANDARD = "gnu++14";
				CLANG_CXX_LIBRARY = "libc++";
				CLANG_ENABLE_MODULES = YES;
				CLANG_ENABLE_OBJC_ARC = YES;
				CLANG_ENABLE_OBJC_WEAK = YES;
				CLANG_WARN_BLOCK_CAPTURE_AUTORELEASING = YES;
				CLANG_WARN_BOOL_CONVERSION = YES;
				CLANG_WARN_COMMA = YES;
				CLANG_WARN_CONSTANT_CONVERSION = YES;
				CLANG_WARN_DEPRECATED_OBJC_IMPLEMENTATIONS = YES;
				CLANG_WARN_DIRECT_OBJC_ISA_USAGE = YES_ERROR;
				CLANG_WARN_DOCUMENTATION_COMMENTS = YES;
				CLANG_WARN_EMPTY_BODY = YES;
				CLANG_WARN_ENUM_CONVERSION = YES;
				CLANG_WARN_INFINITE_RECURSION = YES;
				CLANG_WARN_INT_CONVERSION = YES;
				CLANG_WARN_NON_LITERAL_NULL_CONVERSION = YES;
				CLANG_WARN_OBJC_IMPLICIT_RETAIN_SELF = YES;
				CLANG_WARN_OBJC_LITERAL_CONVERSION = YES;
				CLANG_WARN_OBJC_ROOT_CLASS = YES_ERROR;
				CLANG_WARN_RANGE_LOOP_ANALYSIS = YES;
				CLANG_WARN_STRICT_PROTOTYPES = YES;
				CLANG_WARN_SUSPICIOUS_MOVE = YES;
				CLANG_WARN_UNGUARDED_AVAILABILITY = YES_AGGRESSIVE;
				CLANG_WARN_UNREACHABLE_CODE = YES;
				CLANG_WARN__DUPLICATE_METHOD_MATCH = YES;
				CODE_SIGN_IDENTITY = "iPhone Developer";
				COPY_PHASE_STRIP = NO;
				DEBUG_INFORMATION_FORMAT = "dwarf-with-dsym";
				ENABLE_NS_ASSERTIONS = NO;
				ENABLE_STRICT_OBJC_MSGSEND = YES;
				GCC_C_LANGUAGE_STANDARD = gnu11;
				GCC_NO_COMMON_BLOCKS = YES;
				GCC_WARN_64_TO_32_BIT_CONVERSION = YES;
				GCC_WARN_ABOUT_RETURN_TYPE = YES_ERROR;
				GCC_WARN_UNDECLARED_SELECTOR = YES;
				GCC_WARN_UNINITIALIZED_AUTOS = YES_AGGRESSIVE;
				GCC_WARN_UNUSED_FUNCTION = YES;
				GCC_WARN_UNUSED_VARIABLE = YES;
				IPHONEOS_DEPLOYMENT_TARGET = 12.4;
				MTL_ENABLE_DEBUG_INFO = NO;
				MTL_FAST_MATH = YES;
				SDKROOT = iphoneos;
				SWIFT_COMPILATION_MODE = wholemodule;
				SWIFT_OPTIMIZATION_LEVEL = "-O";
				VALIDATE_PRODUCT = YES;
			};
			name = Release;
		};
		CFC0E2D622EB493A0027386E /* Debug */ = {
			isa = XCBuildConfiguration;
			buildSettings = {
				ASSETCATALOG_COMPILER_APPICON_NAME = AppIcon;
				CODE_SIGN_STYLE = Automatic;
				DEVELOPMENT_TEAM = T3JJMLVQ43;
				INFOPLIST_FILE = start.E/Info.plist;
				LD_RUNPATH_SEARCH_PATHS = (
					"$(inherited)",
					"@executable_path/Frameworks",
				);
				PRODUCT_BUNDLE_IDENTIFIER = "myself.start-E";
				PRODUCT_NAME = "$(TARGET_NAME)";
				SWIFT_VERSION = 5.0;
				TARGETED_DEVICE_FAMILY = "1,2";
			};
			name = Debug;
		};
		CFC0E2D722EB493A0027386E /* Release */ = {
			isa = XCBuildConfiguration;
			buildSettings = {
				ASSETCATALOG_COMPILER_APPICON_NAME = AppIcon;
				CODE_SIGN_STYLE = Automatic;
				DEVELOPMENT_TEAM = T3JJMLVQ43;
				INFOPLIST_FILE = start.E/Info.plist;
				LD_RUNPATH_SEARCH_PATHS = (
					"$(inherited)",
					"@executable_path/Frameworks",
				);
				PRODUCT_BUNDLE_IDENTIFIER = "myself.start-E";
				PRODUCT_NAME = "$(TARGET_NAME)";
				SWIFT_VERSION = 5.0;
				TARGETED_DEVICE_FAMILY = "1,2";
			};
			name = Release;
		};
/* End XCBuildConfiguration section */

/* Begin XCConfigurationList section */
		CFC0E2BE22EB49380027386E /* Build configuration list for PBXProject "start.E" */ = {
			isa = XCConfigurationList;
			buildConfigurations = (
				CFC0E2D322EB493A0027386E /* Debug */,
				CFC0E2D422EB493A0027386E /* Release */,
			);
			defaultConfigurationIsVisible = 0;
			defaultConfigurationName = Release;
		};
		CFC0E2D522EB493A0027386E /* Build configuration list for PBXNativeTarget "start.E" */ = {
			isa = XCConfigurationList;
			buildConfigurations = (
				CFC0E2D622EB493A0027386E /* Debug */,
				CFC0E2D722EB493A0027386E /* Release */,
			);
			defaultConfigurationIsVisible = 0;
			defaultConfigurationName = Release;
		};
/* End XCConfigurationList section */
	};
	rootObject = CFC0E2BB22EB49380027386E /* Project object */;
}
